
Microsoft Visual Studio Solution File, Format Version 12.00
# Visual Studio Version 16
VisualStudioVersion = 16.0.32413.511
MinimumVisualStudioVersion = 10.0.40219.1
Project("{FAE04EC0-301F-11D3-BF4B-00C04F79EFBC}") = "hw6", "hw6\hw6.csproj", "{39C41A02-4AE3-452D-ABA5-4645F03BA30E}"
EndProject
Global
	GlobalSection(SolutionConfigurationPlatforms) = preSolution
		Debug|Any CPU = Debug|Any CPU
		Release|Any CPU = Release|Any CPU
	EndGlobalSection
	GlobalSection(ProjectConfigurationPlatforms) = postSolution
		{39C41A02-4AE3-452D-ABA5-4645F03BA30E}.Debug|Any CPU.ActiveCfg = Debug|Any CPU
		{39C41A02-4AE3-452D-ABA5-4645F03BA30E}.Debug|Any CPU.Build.0 = Debug|Any CPU
		{39C41A02-4AE3-452D-ABA5-4645F03BA30E}.Release|Any CPU.ActiveCfg = Release|Any CPU
		{39C41A02-4AE3-452D-ABA5-4645F03BA30E}.Release|Any CPU.Build.0 = Release|Any CPU
	EndGlobalSection
	GlobalSection(SolutionProperties) = preSolution
		HideSolutionNode = FALSE
	EndGlobalSection
	GlobalSection(ExtensibilityGlobals) = postSolution
		SolutionGuid = {08860D4C-C1D3-48A8-8A2E-C5D807E850D2}
	EndGlobalSection
EndGlobal
