
Microsoft Visual Studio Solution File, Format Version 12.00
# Visual Studio Version 16
VisualStudioVersion = 16.0.32413.511
MinimumVisualStudioVersion = 10.0.40219.1
Project("{FAE04EC0-301F-11D3-BF4B-00C04F79EFBC}") = "WcfServiceLibrary1", "WcfServiceLibrary1\WcfServiceLibrary1.csproj", "{D61436E8-5056-4FB9-A03C-00197E6A6FA8}"
EndProject
Global
	GlobalSection(SolutionConfigurationPlatforms) = preSolution
		Debug|Any CPU = Debug|Any CPU
		Release|Any CPU = Release|Any CPU
	EndGlobalSection
	GlobalSection(ProjectConfigurationPlatforms) = postSolution
		{D61436E8-5056-4FB9-A03C-00197E6A6FA8}.Debug|Any CPU.ActiveCfg = Debug|Any CPU
		{D61436E8-5056-4FB9-A03C-00197E6A6FA8}.Debug|Any CPU.Build.0 = Debug|Any CPU
		{D61436E8-5056-4FB9-A03C-00197E6A6FA8}.Release|Any CPU.ActiveCfg = Release|Any CPU
		{D61436E8-5056-4FB9-A03C-00197E6A6FA8}.Release|Any CPU.Build.0 = Release|Any CPU
	EndGlobalSection
	GlobalSection(SolutionProperties) = preSolution
		HideSolutionNode = FALSE
	EndGlobalSection
	GlobalSection(ExtensibilityGlobals) = postSolution
		SolutionGuid = {27C02E90-24E6-4EC1-A2E5-F776B44414F5}
	EndGlobalSection
EndGlobal
