
Microsoft Visual Studio Solution File, Format Version 12.00
# Visual Studio Version 16
VisualStudioVersion = 16.0.31729.503
MinimumVisualStudioVersion = 10.0.40219.1
Project("{FAE04EC0-301F-11D3-BF4B-00C04F79EFBC}") = "MidTermClient", "MidTermClient\MidTermClient.csproj", "{70F2DBA6-3ECE-4970-B296-3746C7BA33C2}"
EndProject
Global
	GlobalSection(SolutionConfigurationPlatforms) = preSolution
		Debug|Any CPU = Debug|Any CPU
		Release|Any CPU = Release|Any CPU
	EndGlobalSection
	GlobalSection(ProjectConfigurationPlatforms) = postSolution
		{70F2DBA6-3ECE-4970-B296-3746C7BA33C2}.Debug|Any CPU.ActiveCfg = Debug|Any CPU
		{70F2DBA6-3ECE-4970-B296-3746C7BA33C2}.Debug|Any CPU.Build.0 = Debug|Any CPU
		{70F2DBA6-3ECE-4970-B296-3746C7BA33C2}.Release|Any CPU.ActiveCfg = Release|Any CPU
		{70F2DBA6-3ECE-4970-B296-3746C7BA33C2}.Release|Any CPU.Build.0 = Release|Any CPU
	EndGlobalSection
	GlobalSection(SolutionProperties) = preSolution
		HideSolutionNode = FALSE
	EndGlobalSection
	GlobalSection(ExtensibilityGlobals) = postSolution
		SolutionGuid = {0BD478B3-DE25-40A4-87CC-EDFCF595A0A4}
	EndGlobalSection
EndGlobal
